// !$*UTF8*$!
{
	archiveVersion = 1;
	classes = {
	};
	objectVersion = 50;
	objects = {

/* Begin PBXBuildFile section */
		04190ABF241C852300918BA6 /* AppDelegate.swift in Sources */ = {isa = PBXBuildFile; fileRef = 04190ABE241C852300918BA6 /* AppDelegate.swift */; };
		04190AC1241C852300918BA6 /* SceneDelegate.swift in Sources */ = {isa = PBXBuildFile; fileRef = 04190AC0241C852300918BA6 /* SceneDelegate.swift */; };
		04190AC3241C852300918BA6 /* TabBarControllerView.swift in Sources */ = {isa = PBXBuildFile; fileRef = 04190AC2241C852300918BA6 /* TabBarControllerView.swift */; };
		04190AC5241C852600918BA6 /* Assets.xcassets in Resources */ = {isa = PBXBuildFile; fileRef = 04190AC4241C852600918BA6 /* Assets.xcassets */; };
		04190AC8241C852600918BA6 /* Preview Assets.xcassets in Resources */ = {isa = PBXBuildFile; fileRef = 04190AC7241C852600918BA6 /* Preview Assets.xcassets */; };
		04190ACB241C852600918BA6 /* LaunchScreen.storyboard in Resources */ = {isa = PBXBuildFile; fileRef = 04190AC9241C852600918BA6 /* LaunchScreen.storyboard */; };
		04190AD3241C85A500918BA6 /* UITabBarControllerWrapper.swift in Sources */ = {isa = PBXBuildFile; fileRef = 04190AD2241C85A500918BA6 /* UITabBarControllerWrapper.swift */; };
		04190AD5241C875300918BA6 /* TabBarElements.swift in Sources */ = {isa = PBXBuildFile; fileRef = 04190AD4241C875300918BA6 /* TabBarElements.swift */; };
		04190AD7241C89C600918BA6 /* UITabBarWrapper.swift in Sources */ = {isa = PBXBuildFile; fileRef = 04190AD6241C89C600918BA6 /* UITabBarWrapper.swift */; };
		04190ADA241C8E8C00918BA6 /* Tabs.swift in Sources */ = {isa = PBXBuildFile; fileRef = 04190AD9241C8E8C00918BA6 /* Tabs.swift */; };
/* End PBXBuildFile section */

/* Begin PBXFileReference section */
		04190ABB241C852300918BA6 /* tabBarControllerDemo.app */ = {isa = PBXFileReference; explicitFileType = wrapper.application; includeInIndex = 0; path = tabBarControllerDemo.app; sourceTree = BUILT_PRODUCTS_DIR; };
		04190ABE241C852300918BA6 /* AppDelegate.swift */ = {isa = PBXFileReference; lastKnownFileType = sourcecode.swift; path = AppDelegate.swift; sourceTree = "<group>"; };
		04190AC0241C852300918BA6 /* SceneDelegate.swift */ = {isa = PBXFileReference; lastKnownFileType = sourcecode.swift; path = SceneDelegate.swift; sourceTree = "<group>"; };
		04190AC2241C852300918BA6 /* TabBarControllerView.swift */ = {isa = PBXFileReference; lastKnownFileType = sourcecode.swift; path = TabBarControllerView.swift; sourceTree = "<group>"; };
		04190AC4241C852600918BA6 /* Assets.xcassets */ = {isa = PBXFileReference; lastKnownFileType = folder.assetcatalog; path = Assets.xcassets; sourceTree = "<group>"; };
		04190AC7241C852600918BA6 /* Preview Assets.xcassets */ = {isa = PBXFileReference; lastKnownFileType = folder.assetcatalog; path = "Preview Assets.xcassets"; sourceTree = "<group>"; };
		04190ACA241C852600918BA6 /* Base */ = {isa = PBXFileReference; lastKnownFileType = file.storyboard; name = Base; path = Base.lproj/LaunchScreen.storyboard; sourceTree = "<group>"; };
		04190ACC241C852600918BA6 /* Info.plist */ = {isa = PBXFileReference; lastKnownFileType = text.plist.xml; path = Info.plist; sourceTree = "<group>"; };
		04190AD2241C85A500918BA6 /* UITabBarControllerWrapper.swift */ = {isa = PBXFileReference; lastKnownFileType = sourcecode.swift; path = UITabBarControllerWrapper.swift; sourceTree = "<group>"; };
		04190AD4241C875300918BA6 /* TabBarElements.swift */ = {isa = PBXFileReference; lastKnownFileType = sourcecode.swift; path = TabBarElements.swift; sourceTree = "<group>"; };
		04190AD6241C89C600918BA6 /* UITabBarWrapper.swift */ = {isa = PBXFileReference; lastKnownFileType = sourcecode.swift; path = UITabBarWrapper.swift; sourceTree = "<group>"; };
		04190AD9241C8E8C00918BA6 /* Tabs.swift */ = {isa = PBXFileReference; lastKnownFileType = sourcecode.swift; path = Tabs.swift; sourceTree = "<group>"; };
/* End PBXFileReference section */

/* Begin PBXFrameworksBuildPhase section */
		04190AB8241C852300918BA6 /* Frameworks */ = {
			isa = PBXFrameworksBuildPhase;
			buildActionMask = 2147483647;
			files = (
			);
			runOnlyForDeploymentPostprocessing = 0;
		};
/* End PBXFrameworksBuildPhase section */

/* Begin PBXGroup section */
		04190AB2241C852300918BA6 = {
			isa = PBXGroup;
			children = (
				04190ABD241C852300918BA6 /* tabBarControllerDemo */,
				04190ABC241C852300918BA6 /* Products */,
			);
			sourceTree = "<group>";
		};
		04190ABC241C852300918BA6 /* Products */ = {
			isa = PBXGroup;
			children = (
				04190ABB241C852300918BA6 /* tabBarControllerDemo.app */,
			);
			name = Products;
			sourceTree = "<group>";
		};
		04190ABD241C852300918BA6 /* tabBarControllerDemo */ = {
			isa = PBXGroup;
			children = (
				04190ABE241C852300918BA6 /* AppDelegate.swift */,
				04190AC0241C852300918BA6 /* SceneDelegate.swift */,
				04190AD8241C8A6E00918BA6 /* tabBarElements */,
				04190AC4241C852600918BA6 /* Assets.xcassets */,
				04190AC9241C852600918BA6 /* LaunchScreen.storyboard */,
				04190ACC241C852600918BA6 /* Info.plist */,
				04190AC6241C852600918BA6 /* Preview Content */,
			);
			path = tabBarControllerDemo;
			sourceTree = "<group>";
		};
		04190AC6241C852600918BA6 /* Preview Content */ = {
			isa = PBXGroup;
			children = (
				04190AC7241C852600918BA6 /* Preview Assets.xcassets */,
			);
			path = "Preview Content";
			sourceTree = "<group>";
		};
		04190AD8241C8A6E00918BA6 /* tabBarElements */ = {
			isa = PBXGroup;
			children = (
				04190AD9241C8E8C00918BA6 /* Tabs.swift */,
				04190AC2241C852300918BA6 /* TabBarControllerView.swift */,
				04190AD6241C89C600918BA6 /* UITabBarWrapper.swift */,
				04190AD2241C85A500918BA6 /* UITabBarControllerWrapper.swift */,
				04190AD4241C875300918BA6 /* TabBarElements.swift */,
			);
			path = tabBarElements;
			sourceTree = "<group>";
		};
/* End PBXGroup section */

/* Begin PBXNativeTarget section */
		04190ABA241C852300918BA6 /* tabBarControllerDemo */ = {
			isa = PBXNativeTarget;
			buildConfigurationList = 04190ACF241C852600918BA6 /* Build configuration list for PBXNativeTarget "tabBarControllerDemo" */;
			buildPhases = (
				04190AB7241C852300918BA6 /* Sources */,
				04190AB8241C852300918BA6 /* Frameworks */,
				04190AB9241C852300918BA6 /* Resources */,
			);
			buildRules = (
			);
			dependencies = (
			);
			name = tabBarControllerDemo;
			productName = tabBarControllerDemo;
			productReference = 04190ABB241C852300918BA6 /* tabBarControllerDemo.app */;
			productType = "com.apple.product-type.application";
		};
/* End PBXNativeTarget section */

/* Begin PBXProject section */
		04190AB3241C852300918BA6 /* Project object */ = {
			isa = PBXProject;
			attributes = {
				LastSwiftUpdateCheck = 1130;
				LastUpgradeCheck = 1130;
				ORGANIZATIONNAME = tenxor;
				TargetAttributes = {
					04190ABA241C852300918BA6 = {
						CreatedOnToolsVersion = 11.3.1;
					};
				};
			};
			buildConfigurationList = 04190AB6241C852300918BA6 /* Build configuration list for PBXProject "tabBarControllerDemo" */;
			compatibilityVersion = "Xcode 9.3";
			developmentRegion = en;
			hasScannedForEncodings = 0;
			knownRegions = (
				en,
				Base,
			);
			mainGroup = 04190AB2241C852300918BA6;
			productRefGroup = 04190ABC241C852300918BA6 /* Products */;
			projectDirPath = "";
			projectRoot = "";
			targets = (
				04190ABA241C852300918BA6 /* tabBarControllerDemo */,
			);
		};
/* End PBXProject section */

/* Begin PBXResourcesBuildPhase section */
		04190AB9241C852300918BA6 /* Resources */ = {
			isa = PBXResourcesBuildPhase;
			buildActionMask = 2147483647;
			files = (
				04190ACB241C852600918BA6 /* LaunchScreen.storyboard in Resources */,
				04190AC8241C852600918BA6 /* Preview Assets.xcassets in Resources */,
				04190AC5241C852600918BA6 /* Assets.xcassets in Resources */,
			);
			runOnlyForDeploymentPostprocessing = 0;
		};
/* End PBXResourcesBuildPhase section */

/* Begin PBXSourcesBuildPhase section */
		04190AB7241C852300918BA6 /* Sources */ = {
			isa = PBXSourcesBuildPhase;
			buildActionMask = 2147483647;
			files = (
				04190ABF241C852300918BA6 /* AppDelegate.swift in Sources */,
				04190ADA241C8E8C00918BA6 /* Tabs.swift in Sources */,
				04190AD5241C875300918BA6 /* TabBarElements.swift in Sources */,
				04190AD3241C85A500918BA6 /* UITabBarControllerWrapper.swift in Sources */,
				04190AD7241C89C600918BA6 /* UITabBarWrapper.swift in Sources */,
				04190AC1241C852300918BA6 /* SceneDelegate.swift in Sources */,
				04190AC3241C852300918BA6 /* TabBarControllerView.swift in Sources */,
			);
			runOnlyForDeploymentPostprocessing = 0;
		};
/* End PBXSourcesBuildPhase section */

/* Begin PBXVariantGroup section */
		04190AC9241C852600918BA6 /* LaunchScreen.storyboard */ = {
			isa = PBXVariantGroup;
			children = (
				04190ACA241C852600918BA6 /* Base */,
			);
			name = LaunchScreen.storyboard;
			sourceTree = "<group>";
		};
/* End PBXVariantGroup section */

/* Begin XCBuildConfiguration section */
		04190ACD241C852600918BA6 /* Debug */ = {
			isa = XCBuildConfiguration;
			buildSettings = {
				ALWAYS_SEARCH_USER_PATHS = NO;
				CLANG_ANALYZER_NONNULL = YES;
				CLANG_ANALYZER_NUMBER_OBJECT_CONVERSION = YES_AGGRESSIVE;
				CLANG_CXX_LANGUAGE_STANDARD = "gnu++14";
				CLANG_CXX_LIBRARY = "libc++";
				CLANG_ENABLE_MODULES = YES;
				CLANG_ENABLE_OBJC_ARC = YES;
				CLANG_ENABLE_OBJC_WEAK = YES;
				CLANG_WARN_BLOCK_CAPTURE_AUTORELEASING = YES;
				CLANG_WARN_BOOL_CONVERSION = YES;
				CLANG_WARN_COMMA = YES;
				CLANG_WARN_CONSTANT_CONVERSION = YES;
				CLANG_WARN_DEPRECATED_OBJC_IMPLEMENTATIONS = YES;
				CLANG_WARN_DIRECT_OBJC_ISA_USAGE = YES_ERROR;
				CLANG_WARN_DOCUMENTATION_COMMENTS = YES;
				CLANG_WARN_EMPTY_BODY = YES;
				CLANG_WARN_ENUM_CONVERSION = YES;
				CLANG_WARN_INFINITE_RECURSION = YES;
				CLANG_WARN_INT_CONVERSION = YES;
				CLANG_WARN_NON_LITERAL_NULL_CONVERSION = YES;
				CLANG_WARN_OBJC_IMPLICIT_RETAIN_SELF = YES;
				CLANG_WARN_OBJC_LITERAL_CONVERSION = YES;
				CLANG_WARN_OBJC_ROOT_CLASS = YES_ERROR;
				CLANG_WARN_RANGE_LOOP_ANALYSIS = YES;
				CLANG_WARN_STRICT_PROTOTYPES = YES;
				CLANG_WARN_SUSPICIOUS_MOVE = YES;
				CLANG_WARN_UNGUARDED_AVAILABILITY = YES_AGGRESSIVE;
				CLANG_WARN_UNREACHABLE_CODE = YES;
				CLANG_WARN__DUPLICATE_METHOD_MATCH = YES;
				COPY_PHASE_STRIP = NO;
				DEBUG_INFORMATION_FORMAT = dwarf;
				ENABLE_STRICT_OBJC_MSGSEND = YES;
				ENABLE_TESTABILITY = YES;
				GCC_C_LANGUAGE_STANDARD = gnu11;
				GCC_DYNAMIC_NO_PIC = NO;
				GCC_NO_COMMON_BLOCKS = YES;
				GCC_OPTIMIZATION_LEVEL = 0;
				GCC_PREPROCESSOR_DEFINITIONS = (
					"DEBUG=1",
					"$(inherited)",
				);
				GCC_WARN_64_TO_32_BIT_CONVERSION = YES;
				GCC_WARN_ABOUT_RETURN_TYPE = YES_ERROR;
				GCC_WARN_UNDECLARED_SELECTOR = YES;
				GCC_WARN_UNINITIALIZED_AUTOS = YES_AGGRESSIVE;
				GCC_WARN_UNUSED_FUNCTION = YES;
				GCC_WARN_UNUSED_VARIABLE = YES;
				IPHONEOS_DEPLOYMENT_TARGET = 13.2;
				MTL_ENABLE_DEBUG_INFO = INCLUDE_SOURCE;
				MTL_FAST_MATH = YES;
				ONLY_ACTIVE_ARCH = YES;
				SDKROOT = iphoneos;
				SWIFT_ACTIVE_COMPILATION_CONDITIONS = DEBUG;
				SWIFT_OPTIMIZATION_LEVEL = "-Onone";
			};
			name = Debug;
		};
		04190ACE241C852600918BA6 /* Release */ = {
			isa = XCBuildConfiguration;
			buildSettings = {
				ALWAYS_SEARCH_USER_PATHS = NO;
				CLANG_ANALYZER_NONNULL = YES;
				CLANG_ANALYZER_NUMBER_OBJECT_CONVERSION = YES_AGGRESSIVE;
				CLANG_CXX_LANGUAGE_STANDARD = "gnu++14";
				CLANG_CXX_LIBRARY = "libc++";
				CLANG_ENABLE_MODULES = YES;
				CLANG_ENABLE_OBJC_ARC = YES;
				CLANG_ENABLE_OBJC_WEAK = YES;
				CLANG_WARN_BLOCK_CAPTURE_AUTORELEASING = YES;
				CLANG_WARN_BOOL_CONVERSION = YES;
				CLANG_WARN_COMMA = YES;
				CLANG_WARN_CONSTANT_CONVERSION = YES;
				CLANG_WARN_DEPRECATED_OBJC_IMPLEMENTATIONS = YES;
				CLANG_WARN_DIRECT_OBJC_ISA_USAGE = YES_ERROR;
				CLANG_WARN_DOCUMENTATION_COMMENTS = YES;
				CLANG_WARN_EMPTY_BODY = YES;
				CLANG_WARN_ENUM_CONVERSION = YES;
				CLANG_WARN_INFINITE_RECURSION = YES;
				CLANG_WARN_INT_CONVERSION = YES;
				CLANG_WARN_NON_LITERAL_NULL_CONVERSION = YES;
				CLANG_WARN_OBJC_IMPLICIT_RETAIN_SELF = YES;
				CLANG_WARN_OBJC_LITERAL_CONVERSION = YES;
				CLANG_WARN_OBJC_ROOT_CLASS = YES_ERROR;
				CLANG_WARN_RANGE_LOOP_ANALYSIS = YES;
				CLANG_WARN_STRICT_PROTOTYPES = YES;
				CLANG_WARN_SUSPICIOUS_MOVE = YES;
				CLANG_WARN_UNGUARDED_AVAILABILITY = YES_AGGRESSIVE;
				CLANG_WARN_UNREACHABLE_CODE = YES;
				CLANG_WARN__DUPLICATE_METHOD_MATCH = YES;
				COPY_PHASE_STRIP = NO;
				DEBUG_INFORMATION_FORMAT = "dwarf-with-dsym";
				ENABLE_NS_ASSERTIONS = NO;
				ENABLE_STRICT_OBJC_MSGSEND = YES;
				GCC_C_LANGUAGE_STANDARD = gnu11;
				GCC_NO_COMMON_BLOCKS = YES;
				GCC_WARN_64_TO_32_BIT_CONVERSION = YES;
				GCC_WARN_ABOUT_RETURN_TYPE = YES_ERROR;
				GCC_WARN_UNDECLARED_SELECTOR = YES;
				GCC_WARN_UNINITIALIZED_AUTOS = YES_AGGRESSIVE;
				GCC_WARN_UNUSED_FUNCTION = YES;
				GCC_WARN_UNUSED_VARIABLE = YES;
				IPHONEOS_DEPLOYMENT_TARGET = 13.2;
				MTL_ENABLE_DEBUG_INFO = NO;
				MTL_FAST_MATH = YES;
				SDKROOT = iphoneos;
				SWIFT_COMPILATION_MODE = wholemodule;
				SWIFT_OPTIMIZATION_LEVEL = "-O";
				VALIDATE_PRODUCT = YES;
			};
			name = Release;
		};
		04190AD0241C852600918BA6 /* Debug */ = {
			isa = XCBuildConfiguration;
			buildSettings = {
				ASSETCATALOG_COMPILER_APPICON_NAME = AppIcon;
				CODE_SIGN_STYLE = Automatic;
				DEVELOPMENT_ASSET_PATHS = "\"tabBarControllerDemo/Preview Content\"";
				DEVELOPMENT_TEAM = JAT5L64V29;
				ENABLE_PREVIEWS = YES;
				INFOPLIST_FILE = tabBarControllerDemo/Info.plist;
				LD_RUNPATH_SEARCH_PATHS = (
					"$(inherited)",
					"@executable_path/Frameworks",
				);
				PRODUCT_BUNDLE_IDENTIFIER = tenxor.tabBarControllerDemo;
				PRODUCT_NAME = "$(TARGET_NAME)";
				SWIFT_VERSION = 5.0;
				TARGETED_DEVICE_FAMILY = "1,2";
			};
			name = Debug;
		};
		04190AD1241C852600918BA6 /* Release */ = {
			isa = XCBuildConfiguration;
			buildSettings = {
				ASSETCATALOG_COMPILER_APPICON_NAME = AppIcon;
				CODE_SIGN_STYLE = Automatic;
				DEVELOPMENT_ASSET_PATHS = "\"tabBarControllerDemo/Preview Content\"";
				DEVELOPMENT_TEAM = JAT5L64V29;
				ENABLE_PREVIEWS = YES;
				INFOPLIST_FILE = tabBarControllerDemo/Info.plist;
				LD_RUNPATH_SEARCH_PATHS = (
					"$(inherited)",
					"@executable_path/Frameworks",
				);
				PRODUCT_BUNDLE_IDENTIFIER = tenxor.tabBarControllerDemo;
				PRODUCT_NAME = "$(TARGET_NAME)";
				SWIFT_VERSION = 5.0;
				TARGETED_DEVICE_FAMILY = "1,2";
			};
			name = Release;
		};
/* End XCBuildConfiguration section */

/* Begin XCConfigurationList section */
		04190AB6241C852300918BA6 /* Build configuration list for PBXProject "tabBarControllerDemo" */ = {
			isa = XCConfigurationList;
			buildConfigurations = (
				04190ACD241C852600918BA6 /* Debug */,
				04190ACE241C852600918BA6 /* Release */,
			);
			defaultConfigurationIsVisible = 0;
			defaultConfigurationName = Release;
		};
		04190ACF241C852600918BA6 /* Build configuration list for PBXNativeTarget "tabBarControllerDemo" */ = {
			isa = XCConfigurationList;
			buildConfigurations = (
				04190AD0241C852600918BA6 /* Debug */,
				04190AD1241C852600918BA6 /* Release */,
			);
			defaultConfigurationIsVisible = 0;
			defaultConfigurationName = Release;
		};
/* End XCConfigurationList section */
	};
	rootObject = 04190AB3241C852300918BA6 /* Project object */;
}
